// !$*UTF8*$!
{
	archiveVersion = 1;
	classes = {
	};
	objectVersion = 48;
	objects = {

/* Begin PBXBuildFile section */
		3FD0E2AB4FAFBB92425A693B /* Pods_versi.framework in Frameworks */ = {isa = PBXBuildFile; fileRef = 013845FCAB72A44BF04A0B71 /* Pods_versi.framework */; };
		F50168341FE4163F00A2EB35 /* DataServices.swift in Sources */ = {isa = PBXBuildFile; fileRef = F50168331FE4163F00A2EB35 /* DataServices.swift */; };
		F50168361FE416A700A2EB35 /* Model.swift in Sources */ = {isa = PBXBuildFile; fileRef = F50168351FE416A700A2EB35 /* Model.swift */; };
		F50168381FE416FE00A2EB35 /* CustomButton.swift in Sources */ = {isa = PBXBuildFile; fileRef = F50168371FE416FE00A2EB35 /* CustomButton.swift */; };
		F501683A1FE4172000A2EB35 /* CustomTextField.swift in Sources */ = {isa = PBXBuildFile; fileRef = F50168391FE4172000A2EB35 /* CustomTextField.swift */; };
		F501683C1FE4173700A2EB35 /* CustomView.swift in Sources */ = {isa = PBXBuildFile; fileRef = F501683B1FE4173700A2EB35 /* CustomView.swift */; };
		F501683F1FE418E600A2EB35 /* Constant.swift in Sources */ = {isa = PBXBuildFile; fileRef = F501683E1FE418E600A2EB35 /* Constant.swift */; };
		F577349E1FE5763100A68F25 /* UIViewControllerExtViewController.swift in Sources */ = {isa = PBXBuildFile; fileRef = F577349D1FE5763100A68F25 /* UIViewControllerExtViewController.swift */; };
		F597504F1FE2F2FA0039DAEE /* AppDelegate.swift in Sources */ = {isa = PBXBuildFile; fileRef = F597504E1FE2F2FA0039DAEE /* AppDelegate.swift */; };
		F59750511FE2F2FA0039DAEE /* TrendingFeedVC.swift in Sources */ = {isa = PBXBuildFile; fileRef = F59750501FE2F2FA0039DAEE /* TrendingFeedVC.swift */; };
		F59750541FE2F2FA0039DAEE /* Main.storyboard in Resources */ = {isa = PBXBuildFile; fileRef = F59750521FE2F2FA0039DAEE /* Main.storyboard */; };
		F59750561FE2F2FA0039DAEE /* Assets.xcassets in Resources */ = {isa = PBXBuildFile; fileRef = F59750551FE2F2FA0039DAEE /* Assets.xcassets */; };
		F59750591FE2F2FA0039DAEE /* LaunchScreen.storyboard in Resources */ = {isa = PBXBuildFile; fileRef = F59750571FE2F2FA0039DAEE /* LaunchScreen.storyboard */; };
		F59750651FE302790039DAEE /* SearchVC.swift in Sources */ = {isa = PBXBuildFile; fileRef = F59750641FE302790039DAEE /* SearchVC.swift */; };
		F59750671FE302C00039DAEE /* RepoCell.swift in Sources */ = {isa = PBXBuildFile; fileRef = F59750661FE302C00039DAEE /* RepoCell.swift */; };
		F59750691FE305F40039DAEE /* SearchCell.swift in Sources */ = {isa = PBXBuildFile; fileRef = F59750681FE305F40039DAEE /* SearchCell.swift */; };
/* End PBXBuildFile section */

/* Begin PBXFileReference section */
		013845FCAB72A44BF04A0B71 /* Pods_versi.framework */ = {isa = PBXFileReference; explicitFileType = wrapper.framework; includeInIndex = 0; path = Pods_versi.framework; sourceTree = BUILT_PRODUCTS_DIR; };
		83A999A499021B981383CD6A /* Pods-versi.release.xcconfig */ = {isa = PBXFileReference; includeInIndex = 1; lastKnownFileType = text.xcconfig; name = "Pods-versi.release.xcconfig"; path = "Pods/Target Support Files/Pods-versi/Pods-versi.release.xcconfig"; sourceTree = "<group>"; };
		BDCEF313AFCF45AD2B878BD6 /* Pods-versi.debug.xcconfig */ = {isa = PBXFileReference; includeInIndex = 1; lastKnownFileType = text.xcconfig; name = "Pods-versi.debug.xcconfig"; path = "Pods/Target Support Files/Pods-versi/Pods-versi.debug.xcconfig"; sourceTree = "<group>"; };
		F50168331FE4163F00A2EB35 /* DataServices.swift */ = {isa = PBXFileReference; lastKnownFileType = sourcecode.swift; path = DataServices.swift; sourceTree = "<group>"; };
		F50168351FE416A700A2EB35 /* Model.swift */ = {isa = PBXFileReference; lastKnownFileType = sourcecode.swift; path = Model.swift; sourceTree = "<group>"; };
		F50168371FE416FE00A2EB35 /* CustomButton.swift */ = {isa = PBXFileReference; lastKnownFileType = sourcecode.swift; path = CustomButton.swift; sourceTree = "<group>"; };
		F50168391FE4172000A2EB35 /* CustomTextField.swift */ = {isa = PBXFileReference; lastKnownFileType = sourcecode.swift; path = CustomTextField.swift; sourceTree = "<group>"; };
		F501683B1FE4173700A2EB35 /* CustomView.swift */ = {isa = PBXFileReference; lastKnownFileType = sourcecode.swift; path = CustomView.swift; sourceTree = "<group>"; };
		F501683E1FE418E600A2EB35 /* Constant.swift */ = {isa = PBXFileReference; lastKnownFileType = sourcecode.swift; path = Constant.swift; sourceTree = "<group>"; };
		F577349D1FE5763100A68F25 /* UIViewControllerExtViewController.swift */ = {isa = PBXFileReference; lastKnownFileType = sourcecode.swift; path = UIViewControllerExtViewController.swift; sourceTree = "<group>"; };
		F597504B1FE2F2FA0039DAEE /* versi.app */ = {isa = PBXFileReference; explicitFileType = wrapper.application; includeInIndex = 0; path = versi.app; sourceTree = BUILT_PRODUCTS_DIR; };
		F597504E1FE2F2FA0039DAEE /* AppDelegate.swift */ = {isa = PBXFileReference; lastKnownFileType = sourcecode.swift; path = AppDelegate.swift; sourceTree = "<group>"; };
		F59750501FE2F2FA0039DAEE /* TrendingFeedVC.swift */ = {isa = PBXFileReference; lastKnownFileType = sourcecode.swift; path = TrendingFeedVC.swift; sourceTree = "<group>"; };
		F59750531FE2F2FA0039DAEE /* Base */ = {isa = PBXFileReference; lastKnownFileType = file.storyboard; name = Base; path = Base.lproj/Main.storyboard; sourceTree = "<group>"; };
		F59750551FE2F2FA0039DAEE /* Assets.xcassets */ = {isa = PBXFileReference; lastKnownFileType = folder.assetcatalog; path = Assets.xcassets; sourceTree = "<group>"; };
		F59750581FE2F2FA0039DAEE /* Base */ = {isa = PBXFileReference; lastKnownFileType = file.storyboard; name = Base; path = Base.lproj/LaunchScreen.storyboard; sourceTree = "<group>"; };
		F597505A1FE2F2FA0039DAEE /* Info.plist */ = {isa = PBXFileReference; lastKnownFileType = text.plist.xml; path = Info.plist; sourceTree = "<group>"; };
		F59750641FE302790039DAEE /* SearchVC.swift */ = {isa = PBXFileReference; lastKnownFileType = sourcecode.swift; path = SearchVC.swift; sourceTree = "<group>"; };
		F59750661FE302C00039DAEE /* RepoCell.swift */ = {isa = PBXFileReference; lastKnownFileType = sourcecode.swift; path = RepoCell.swift; sourceTree = "<group>"; };
		F59750681FE305F40039DAEE /* SearchCell.swift */ = {isa = PBXFileReference; lastKnownFileType = sourcecode.swift; path = SearchCell.swift; sourceTree = "<group>"; };
/* End PBXFileReference section */

/* Begin PBXFrameworksBuildPhase section */
		F59750481FE2F2FA0039DAEE /* Frameworks */ = {
			isa = PBXFrameworksBuildPhase;
			buildActionMask = 2147483647;
			files = (
				3FD0E2AB4FAFBB92425A693B /* Pods_versi.framework in Frameworks */,
			);
			runOnlyForDeploymentPostprocessing = 0;
		};
/* End PBXFrameworksBuildPhase section */

/* Begin PBXGroup section */
		9C622D0CC76828C48E219167 /* Pods */ = {
			isa = PBXGroup;
			children = (
				BDCEF313AFCF45AD2B878BD6 /* Pods-versi.debug.xcconfig */,
				83A999A499021B981383CD6A /* Pods-versi.release.xcconfig */,
			);
			name = Pods;
			sourceTree = "<group>";
		};
		C3022F5AE091E22F29976AB7 /* Frameworks */ = {
			isa = PBXGroup;
			children = (
				013845FCAB72A44BF04A0B71 /* Pods_versi.framework */,
			);
			name = Frameworks;
			sourceTree = "<group>";
		};
		F501683D1FE418D900A2EB35 /* Util */ = {
			isa = PBXGroup;
			children = (
				F501683E1FE418E600A2EB35 /* Constant.swift */,
			);
			path = Util;
			sourceTree = "<group>";
		};
		F577349C1FE575EF00A68F25 /* Extension */ = {
			isa = PBXGroup;
			children = (
				F577349D1FE5763100A68F25 /* UIViewControllerExtViewController.swift */,
			);
			path = Extension;
			sourceTree = "<group>";
		};
		F59750421FE2F2F90039DAEE = {
			isa = PBXGroup;
			children = (
				F597504D1FE2F2FA0039DAEE /* versi */,
				F597504C1FE2F2FA0039DAEE /* Products */,
				9C622D0CC76828C48E219167 /* Pods */,
				C3022F5AE091E22F29976AB7 /* Frameworks */,
			);
			sourceTree = "<group>";
		};
		F597504C1FE2F2FA0039DAEE /* Products */ = {
			isa = PBXGroup;
			children = (
				F597504B1FE2F2FA0039DAEE /* versi.app */,
			);
			name = Products;
			sourceTree = "<group>";
		};
		F597504D1FE2F2FA0039DAEE /* versi */ = {
			isa = PBXGroup;
			children = (
				F577349C1FE575EF00A68F25 /* Extension */,
				F501683D1FE418D900A2EB35 /* Util */,
				F59750631FE3025A0039DAEE /* Services */,
				F59750611FE3024F0039DAEE /* View */,
				F59750601FE3024B0039DAEE /* Model */,
				F59750621FE302550039DAEE /* Controller */,
				F597504E1FE2F2FA0039DAEE /* AppDelegate.swift */,
				F59750521FE2F2FA0039DAEE /* Main.storyboard */,
				F59750551FE2F2FA0039DAEE /* Assets.xcassets */,
				F59750571FE2F2FA0039DAEE /* LaunchScreen.storyboard */,
				F597505A1FE2F2FA0039DAEE /* Info.plist */,
			);
			path = versi;
			sourceTree = "<group>";
		};
		F59750601FE3024B0039DAEE /* Model */ = {
			isa = PBXGroup;
			children = (
				F50168351FE416A700A2EB35 /* Model.swift */,
			);
			path = Model;
			sourceTree = "<group>";
		};
		F59750611FE3024F0039DAEE /* View */ = {
			isa = PBXGroup;
			children = (
				F59750661FE302C00039DAEE /* RepoCell.swift */,
				F59750681FE305F40039DAEE /* SearchCell.swift */,
				F50168371FE416FE00A2EB35 /* CustomButton.swift */,
				F50168391FE4172000A2EB35 /* CustomTextField.swift */,
				F501683B1FE4173700A2EB35 /* CustomView.swift */,
			);
			path = View;
			sourceTree = "<group>";
		};
		F59750621FE302550039DAEE /* Controller */ = {
			isa = PBXGroup;
			children = (
				F59750501FE2F2FA0039DAEE /* TrendingFeedVC.swift */,
				F59750641FE302790039DAEE /* SearchVC.swift */,
			);
			path = Controller;
			sourceTree = "<group>";
		};
		F59750631FE3025A0039DAEE /* Services */ = {
			isa = PBXGroup;
			children = (
				F50168331FE4163F00A2EB35 /* DataServices.swift */,
			);
			path = Services;
			sourceTree = "<group>";
		};
/* End PBXGroup section */

/* Begin PBXNativeTarget section */
		F597504A1FE2F2FA0039DAEE /* versi */ = {
			isa = PBXNativeTarget;
			buildConfigurationList = F597505D1FE2F2FA0039DAEE /* Build configuration list for PBXNativeTarget "versi" */;
			buildPhases = (
				BB1158A39C28B0F175C17D31 /* [CP] Check Pods Manifest.lock */,
				F59750471FE2F2FA0039DAEE /* Sources */,
				F59750481FE2F2FA0039DAEE /* Frameworks */,
				F59750491FE2F2FA0039DAEE /* Resources */,
				8BB70BE84D950BA3A3365C5B /* [CP] Embed Pods Frameworks */,
				D66CAF7BBE8BAA8CF5337730 /* [CP] Copy Pods Resources */,
			);
			buildRules = (
			);
			dependencies = (
			);
			name = versi;
			productName = versi;
			productReference = F597504B1FE2F2FA0039DAEE /* versi.app */;
			productType = "com.apple.product-type.application";
		};
/* End PBXNativeTarget section */

/* Begin PBXProject section */
		F59750431FE2F2F90039DAEE /* Project object */ = {
			isa = PBXProject;
			attributes = {
				LastSwiftUpdateCheck = 0910;
				LastUpgradeCheck = 0910;
				ORGANIZATIONNAME = NeonatCore;
				TargetAttributes = {
					F597504A1FE2F2FA0039DAEE = {
						CreatedOnToolsVersion = 9.1;
						ProvisioningStyle = Automatic;
					};
				};
			};
			buildConfigurationList = F59750461FE2F2F90039DAEE /* Build configuration list for PBXProject "versi" */;
			compatibilityVersion = "Xcode 8.0";
			developmentRegion = en;
			hasScannedForEncodings = 0;
			knownRegions = (
				en,
				Base,
			);
			mainGroup = F59750421FE2F2F90039DAEE;
			productRefGroup = F597504C1FE2F2FA0039DAEE /* Products */;
			projectDirPath = "";
			projectRoot = "";
			targets = (
				F597504A1FE2F2FA0039DAEE /* versi */,
			);
		};
/* End PBXProject section */

/* Begin PBXResourcesBuildPhase section */
		F59750491FE2F2FA0039DAEE /* Resources */ = {
			isa = PBXResourcesBuildPhase;
			buildActionMask = 2147483647;
			files = (
				F59750591FE2F2FA0039DAEE /* LaunchScreen.storyboard in Resources */,
				F59750561FE2F2FA0039DAEE /* Assets.xcassets in Resources */,
				F59750541FE2F2FA0039DAEE /* Main.storyboard in Resources */,
			);
			runOnlyForDeploymentPostprocessing = 0;
		};
/* End PBXResourcesBuildPhase section */

/* Begin PBXShellScriptBuildPhase section */
		8BB70BE84D950BA3A3365C5B /* [CP] Embed Pods Frameworks */ = {
			isa = PBXShellScriptBuildPhase;
			buildActionMask = 2147483647;
			files = (
			);
			inputPaths = (
			);
			name = "[CP] Embed Pods Frameworks";
			outputPaths = (
			);
			runOnlyForDeploymentPostprocessing = 0;
			shellPath = /bin/sh;
			shellScript = "\"${SRCROOT}/Pods/Target Support Files/Pods-versi/Pods-versi-frameworks.sh\"\n";
			showEnvVarsInLog = 0;
		};
		BB1158A39C28B0F175C17D31 /* [CP] Check Pods Manifest.lock */ = {
			isa = PBXShellScriptBuildPhase;
			buildActionMask = 2147483647;
			files = (
			);
			inputPaths = (
			);
			name = "[CP] Check Pods Manifest.lock";
			outputPaths = (
			);
			runOnlyForDeploymentPostprocessing = 0;
			shellPath = /bin/sh;
			shellScript = "diff \"${PODS_ROOT}/../Podfile.lock\" \"${PODS_ROOT}/Manifest.lock\" > /dev/null\nif [ $? != 0 ] ; then\n    # print error to STDERR\n    echo \"error: The sandbox is not in sync with the Podfile.lock. Run 'pod install' or update your CocoaPods installation.\" >&2\n    exit 1\nfi\n";
			showEnvVarsInLog = 0;
		};
		D66CAF7BBE8BAA8CF5337730 /* [CP] Copy Pods Resources */ = {
			isa = PBXShellScriptBuildPhase;
			buildActionMask = 2147483647;
			files = (
			);
			inputPaths = (
			);
			name = "[CP] Copy Pods Resources";
			outputPaths = (
			);
			runOnlyForDeploymentPostprocessing = 0;
			shellPath = /bin/sh;
			shellScript = "\"${SRCROOT}/Pods/Target Support Files/Pods-versi/Pods-versi-resources.sh\"\n";
			showEnvVarsInLog = 0;
		};
/* End PBXShellScriptBuildPhase section */

/* Begin PBXSourcesBuildPhase section */
		F59750471FE2F2FA0039DAEE /* Sources */ = {
			isa = PBXSourcesBuildPhase;
			buildActionMask = 2147483647;
			files = (
				F50168361FE416A700A2EB35 /* Model.swift in Sources */,
				F59750651FE302790039DAEE /* SearchVC.swift in Sources */,
				F59750691FE305F40039DAEE /* SearchCell.swift in Sources */,
				F577349E1FE5763100A68F25 /* UIViewControllerExtViewController.swift in Sources */,
				F59750511FE2F2FA0039DAEE /* TrendingFeedVC.swift in Sources */,
				F50168381FE416FE00A2EB35 /* CustomButton.swift in Sources */,
				F501683C1FE4173700A2EB35 /* CustomView.swift in Sources */,
				F50168341FE4163F00A2EB35 /* DataServices.swift in Sources */,
				F597504F1FE2F2FA0039DAEE /* AppDelegate.swift in Sources */,
				F501683F1FE418E600A2EB35 /* Constant.swift in Sources */,
				F59750671FE302C00039DAEE /* RepoCell.swift in Sources */,
				F501683A1FE4172000A2EB35 /* CustomTextField.swift in Sources */,
			);
			runOnlyForDeploymentPostprocessing = 0;
		};
/* End PBXSourcesBuildPhase section */

/* Begin PBXVariantGroup section */
		F59750521FE2F2FA0039DAEE /* Main.storyboard */ = {
			isa = PBXVariantGroup;
			children = (
				F59750531FE2F2FA0039DAEE /* Base */,
			);
			name = Main.storyboard;
			sourceTree = "<group>";
		};
		F59750571FE2F2FA0039DAEE /* LaunchScreen.storyboard */ = {
			isa = PBXVariantGroup;
			children = (
				F59750581FE2F2FA0039DAEE /* Base */,
			);
			name = LaunchScreen.storyboard;
			sourceTree = "<group>";
		};
/* End PBXVariantGroup section */

/* Begin XCBuildConfiguration section */
		F597505B1FE2F2FA0039DAEE /* Debug */ = {
			isa = XCBuildConfiguration;
			buildSettings = {
				ALWAYS_SEARCH_USER_PATHS = NO;
				CLANG_ANALYZER_NONNULL = YES;
				CLANG_ANALYZER_NUMBER_OBJECT_CONVERSION = YES_AGGRESSIVE;
				CLANG_CXX_LANGUAGE_STANDARD = "gnu++14";
				CLANG_CXX_LIBRARY = "libc++";
				CLANG_ENABLE_MODULES = YES;
				CLANG_ENABLE_OBJC_ARC = YES;
				CLANG_WARN_BLOCK_CAPTURE_AUTORELEASING = YES;
				CLANG_WARN_BOOL_CONVERSION = YES;
				CLANG_WARN_COMMA = YES;
				CLANG_WARN_CONSTANT_CONVERSION = YES;
				CLANG_WARN_DIRECT_OBJC_ISA_USAGE = YES_ERROR;
				CLANG_WARN_DOCUMENTATION_COMMENTS = YES;
				CLANG_WARN_EMPTY_BODY = YES;
				CLANG_WARN_ENUM_CONVERSION = YES;
				CLANG_WARN_INFINITE_RECURSION = YES;
				CLANG_WARN_INT_CONVERSION = YES;
				CLANG_WARN_NON_LITERAL_NULL_CONVERSION = YES;
				CLANG_WARN_OBJC_LITERAL_CONVERSION = YES;
				CLANG_WARN_OBJC_ROOT_CLASS = YES_ERROR;
				CLANG_WARN_RANGE_LOOP_ANALYSIS = YES;
				CLANG_WARN_STRICT_PROTOTYPES = YES;
				CLANG_WARN_SUSPICIOUS_MOVE = YES;
				CLANG_WARN_UNGUARDED_AVAILABILITY = YES_AGGRESSIVE;
				CLANG_WARN_UNREACHABLE_CODE = YES;
				CLANG_WARN__DUPLICATE_METHOD_MATCH = YES;
				CODE_SIGN_IDENTITY = "iPhone Developer";
				COPY_PHASE_STRIP = NO;
				DEBUG_INFORMATION_FORMAT = dwarf;
				ENABLE_STRICT_OBJC_MSGSEND = YES;
				ENABLE_TESTABILITY = YES;
				GCC_C_LANGUAGE_STANDARD = gnu11;
				GCC_DYNAMIC_NO_PIC = NO;
				GCC_NO_COMMON_BLOCKS = YES;
				GCC_OPTIMIZATION_LEVEL = 0;
				GCC_PREPROCESSOR_DEFINITIONS = (
					"DEBUG=1",
					"$(inherited)",
				);
				GCC_WARN_64_TO_32_BIT_CONVERSION = YES;
				GCC_WARN_ABOUT_RETURN_TYPE = YES_ERROR;
				GCC_WARN_UNDECLARED_SELECTOR = YES;
				GCC_WARN_UNINITIALIZED_AUTOS = YES_AGGRESSIVE;
				GCC_WARN_UNUSED_FUNCTION = YES;
				GCC_WARN_UNUSED_VARIABLE = YES;
				IPHONEOS_DEPLOYMENT_TARGET = 11.1;
				MTL_ENABLE_DEBUG_INFO = YES;
				ONLY_ACTIVE_ARCH = YES;
				SDKROOT = iphoneos;
				SWIFT_ACTIVE_COMPILATION_CONDITIONS = DEBUG;
				SWIFT_OPTIMIZATION_LEVEL = "-Onone";
			};
			name = Debug;
		};
		F597505C1FE2F2FA0039DAEE /* Release */ = {
			isa = XCBuildConfiguration;
			buildSettings = {
				ALWAYS_SEARCH_USER_PATHS = NO;
				CLANG_ANALYZER_NONNULL = YES;
				CLANG_ANALYZER_NUMBER_OBJECT_CONVERSION = YES_AGGRESSIVE;
				CLANG_CXX_LANGUAGE_STANDARD = "gnu++14";
				CLANG_CXX_LIBRARY = "libc++";
				CLANG_ENABLE_MODULES = YES;
				CLANG_ENABLE_OBJC_ARC = YES;
				CLANG_WARN_BLOCK_CAPTURE_AUTORELEASING = YES;
				CLANG_WARN_BOOL_CONVERSION = YES;
				CLANG_WARN_COMMA = YES;
				CLANG_WARN_CONSTANT_CONVERSION = YES;
				CLANG_WARN_DIRECT_OBJC_ISA_USAGE = YES_ERROR;
				CLANG_WARN_DOCUMENTATION_COMMENTS = YES;
				CLANG_WARN_EMPTY_BODY = YES;
				CLANG_WARN_ENUM_CONVERSION = YES;
				CLANG_WARN_INFINITE_RECURSION = YES;
				CLANG_WARN_INT_CONVERSION = YES;
				CLANG_WARN_NON_LITERAL_NULL_CONVERSION = YES;
				CLANG_WARN_OBJC_LITERAL_CONVERSION = YES;
				CLANG_WARN_OBJC_ROOT_CLASS = YES_ERROR;
				CLANG_WARN_RANGE_LOOP_ANALYSIS = YES;
				CLANG_WARN_STRICT_PROTOTYPES = YES;
				CLANG_WARN_SUSPICIOUS_MOVE = YES;
				CLANG_WARN_UNGUARDED_AVAILABILITY = YES_AGGRESSIVE;
				CLANG_WARN_UNREACHABLE_CODE = YES;
				CLANG_WARN__DUPLICATE_METHOD_MATCH = YES;
				CODE_SIGN_IDENTITY = "iPhone Developer";
				COPY_PHASE_STRIP = NO;
				DEBUG_INFORMATION_FORMAT = "dwarf-with-dsym";
				ENABLE_NS_ASSERTIONS = NO;
				ENABLE_STRICT_OBJC_MSGSEND = YES;
				GCC_C_LANGUAGE_STANDARD = gnu11;
				GCC_NO_COMMON_BLOCKS = YES;
				GCC_WARN_64_TO_32_BIT_CONVERSION = YES;
				GCC_WARN_ABOUT_RETURN_TYPE = YES_ERROR;
				GCC_WARN_UNDECLARED_SELECTOR = YES;
				GCC_WARN_UNINITIALIZED_AUTOS = YES_AGGRESSIVE;
				GCC_WARN_UNUSED_FUNCTION = YES;
				GCC_WARN_UNUSED_VARIABLE = YES;
				IPHONEOS_DEPLOYMENT_TARGET = 11.1;
				MTL_ENABLE_DEBUG_INFO = NO;
				SDKROOT = iphoneos;
				SWIFT_OPTIMIZATION_LEVEL = "-Owholemodule";
				VALIDATE_PRODUCT = YES;
			};
			name = Release;
		};
		F597505E1FE2F2FA0039DAEE /* Debug */ = {
			isa = XCBuildConfiguration;
			baseConfigurationReference = BDCEF313AFCF45AD2B878BD6 /* Pods-versi.debug.xcconfig */;
			buildSettings = {
				ASSETCATALOG_COMPILER_APPICON_NAME = AppIcon;
				CODE_SIGN_STYLE = Automatic;
				DEVELOPMENT_TEAM = Y2M3TGJYMN;
				INFOPLIST_FILE = versi/Info.plist;
				LD_RUNPATH_SEARCH_PATHS = "$(inherited) @executable_path/Frameworks";
				PRODUCT_BUNDLE_IDENTIFIER = com.neonatcore.versi;
				PRODUCT_NAME = "$(TARGET_NAME)";
				SWIFT_VERSION = 4.0;
				TARGETED_DEVICE_FAMILY = "1,2";
			};
			name = Debug;
		};
		F597505F1FE2F2FA0039DAEE /* Release */ = {
			isa = XCBuildConfiguration;
			baseConfigurationReference = 83A999A499021B981383CD6A /* Pods-versi.release.xcconfig */;
			buildSettings = {
				ASSETCATALOG_COMPILER_APPICON_NAME = AppIcon;
				CODE_SIGN_STYLE = Automatic;
				DEVELOPMENT_TEAM = Y2M3TGJYMN;
				INFOPLIST_FILE = versi/Info.plist;
				LD_RUNPATH_SEARCH_PATHS = "$(inherited) @executable_path/Frameworks";
				PRODUCT_BUNDLE_IDENTIFIER = com.neonatcore.versi;
				PRODUCT_NAME = "$(TARGET_NAME)";
				SWIFT_VERSION = 4.0;
				TARGETED_DEVICE_FAMILY = "1,2";
			};
			name = Release;
		};
/* End XCBuildConfiguration section */

/* Begin XCConfigurationList section */
		F59750461FE2F2F90039DAEE /* Build configuration list for PBXProject "versi" */ = {
			isa = XCConfigurationList;
			buildConfigurations = (
				F597505B1FE2F2FA0039DAEE /* Debug */,
				F597505C1FE2F2FA0039DAEE /* Release */,
			);
			defaultConfigurationIsVisible = 0;
			defaultConfigurationName = Release;
		};
		F597505D1FE2F2FA0039DAEE /* Build configuration list for PBXNativeTarget "versi" */ = {
			isa = XCConfigurationList;
			buildConfigurations = (
				F597505E1FE2F2FA0039DAEE /* Debug */,
				F597505F1FE2F2FA0039DAEE /* Release */,
			);
			defaultConfigurationIsVisible = 0;
			defaultConfigurationName = Release;
		};
/* End XCConfigurationList section */
	};
	rootObject = F59750431FE2F2F90039DAEE /* Project object */;
}
